// !$*UTF8*$!
{
	archiveVersion = 1;
	classes = {
	};
	objectVersion = 48;
	objects = {

/* Begin PBXBuildFile section */
		B50CBD891F3DD8A6007D3962 /* DBWLoginViewController.m in Sources */ = {isa = PBXBuildFile; fileRef = B50CBD881F3DD8A6007D3962 /* DBWLoginViewController.m */; };
		B50CBD921F3DFCE2007D3962 /* FBSDKLoginKit.framework in Frameworks */ = {isa = PBXBuildFile; fileRef = B50CBD8F1F3DFC20007D3962 /* FBSDKLoginKit.framework */; };
		B50CBD931F3DFCE4007D3962 /* FBSDKCoreKit.framework in Frameworks */ = {isa = PBXBuildFile; fileRef = B50CBD8E1F3DFC20007D3962 /* FBSDKCoreKit.framework */; };
		B50CBD951F3DFD88007D3962 /* Bolts.framework in Frameworks */ = {isa = PBXBuildFile; fileRef = B50CBD941F3DFD72007D3962 /* Bolts.framework */; };
		B50CBD991F3E1B4D007D3962 /* DBWAuthenticationManager.m in Sources */ = {isa = PBXBuildFile; fileRef = B50CBD981F3E1B4D007D3962 /* DBWAuthenticationManager.m */; };
		B515D7661F5ADF8800828E99 /* DBWWorkoutTodayExercisesViewController.m in Sources */ = {isa = PBXBuildFile; fileRef = B515D7651F5ADF8800828E99 /* DBWWorkoutTodayExercisesViewController.m */; };
		B515D7691F5AE6BB00828E99 /* DBWExerciseCollectionViewCell.m in Sources */ = {isa = PBXBuildFile; fileRef = B515D7681F5AE6BB00828E99 /* DBWExerciseCollectionViewCell.m */; };
		B5369C601F6D7482000FFD9F /* DBWAnimationTransitionController.m in Sources */ = {isa = PBXBuildFile; fileRef = B5369C5F1F6D7482000FFD9F /* DBWAnimationTransitionController.m */; };
		B5369C631F6D8404000FFD9F /* DBWAnimationTransitionMemory.m in Sources */ = {isa = PBXBuildFile; fileRef = B5369C621F6D8404000FFD9F /* DBWAnimationTransitionMemory.m */; };
		B5369C661F6DAF11000FFD9F /* DBWAnimationDismissTransitionController.m in Sources */ = {isa = PBXBuildFile; fileRef = B5369C651F6DAF11000FFD9F /* DBWAnimationDismissTransitionController.m */; };
		B53CF2C91F3365FC00F30CB8 /* DBWWorkoutCalendarViewController.m in Sources */ = {isa = PBXBuildFile; fileRef = B53CF2BF1F3365DE00F30CB8 /* DBWWorkoutCalendarViewController.m */; };
		B53CF2CA1F33660000F30CB8 /* DBWExerciseSetCollectionViewCell.m in Sources */ = {isa = PBXBuildFile; fileRef = B53CF2C21F3365DE00F30CB8 /* DBWExerciseSetCollectionViewCell.m */; };
		B53CF2CB1F33660200F30CB8 /* DBWExerciseCollectionViewController.m in Sources */ = {isa = PBXBuildFile; fileRef = B53CF2C41F3365DE00F30CB8 /* DBWExerciseCollectionViewController.m */; };
		B53CF2CC1F33660500F30CB8 /* DBWWorkoutTableViewController.m in Sources */ = {isa = PBXBuildFile; fileRef = B53CF2C61F3365DE00F30CB8 /* DBWWorkoutTableViewController.m */; };
		B53CF2CD1F33660600F30CB8 /* DBWWorkoutTodayViewController.m in Sources */ = {isa = PBXBuildFile; fileRef = B53CF2C81F3365DE00F30CB8 /* DBWWorkoutTodayViewController.m */; };
		B53CF2CE1F33661300F30CB8 /* DBWExercise.m in Sources */ = {isa = PBXBuildFile; fileRef = B53CF2B61F3365DE00F30CB8 /* DBWExercise.m */; };
		B53CF2CF1F33661300F30CB8 /* DBWSet.m in Sources */ = {isa = PBXBuildFile; fileRef = B53CF2B81F3365DE00F30CB8 /* DBWSet.m */; };
		B53CF2D01F33661300F30CB8 /* DBWWorkout.m in Sources */ = {isa = PBXBuildFile; fileRef = B53CF2BA1F3365DE00F30CB8 /* DBWWorkout.m */; };
		B53CF2D51F3366D000F30CB8 /* DBWSettingsTableViewController.m in Sources */ = {isa = PBXBuildFile; fileRef = B53CF2D41F3366D000F30CB8 /* DBWSettingsTableViewController.m */; };
		B53CF2D81F336C8900F30CB8 /* Settings.bundle in Resources */ = {isa = PBXBuildFile; fileRef = B53CF2D71F336C8900F30CB8 /* Settings.bundle */; };
		B53CF2E11F339F0300F30CB8 /* Acknowledgements.plist in Resources */ = {isa = PBXBuildFile; fileRef = B53CF2E01F339F0300F30CB8 /* Acknowledgements.plist */; };
		B53CF2E41F33A8F300F30CB8 /* DBWAboutTableViewController.m in Sources */ = {isa = PBXBuildFile; fileRef = B53CF2E31F33A8F300F30CB8 /* DBWAboutTableViewController.m */; };
		B57E6D1F1F51C6D900849CB6 /* DBWStopwatchViewController.m in Sources */ = {isa = PBXBuildFile; fileRef = B57E6D1E1F51C6D900849CB6 /* DBWStopwatchViewController.m */; };
		B57E6D221F51EC6B00849CB6 /* DBWCalendarCollectionViewCell.m in Sources */ = {isa = PBXBuildFile; fileRef = B57E6D211F51EC6B00849CB6 /* DBWCalendarCollectionViewCell.m */; };
		B57E6D251F51F17600849CB6 /* DBWCalendarCellLabel.m in Sources */ = {isa = PBXBuildFile; fileRef = B57E6D241F51F17600849CB6 /* DBWCalendarCellLabel.m */; };
		B57E6D281F5329C800849CB6 /* DBWCalendarDatePickerViewController.m in Sources */ = {isa = PBXBuildFile; fileRef = B57E6D271F5329C800849CB6 /* DBWCalendarDatePickerViewController.m */; };
		B57E6D2B1F53521C00849CB6 /* DBWColorTableViewCell.m in Sources */ = {isa = PBXBuildFile; fileRef = B57E6D2A1F53521C00849CB6 /* DBWColorTableViewCell.m */; };
		B57E6D2E1F536F7500849CB6 /* DBWSettingsSplitViewController.m in Sources */ = {isa = PBXBuildFile; fileRef = B57E6D2D1F536F7500849CB6 /* DBWSettingsSplitViewController.m */; };
		B596A3381F2F9BAE00524503 /* Launch Screen.storyboard in Resources */ = {isa = PBXBuildFile; fileRef = B596A3371F2F9BAE00524503 /* Launch Screen.storyboard */; };
		B5B192BF1F537C10005B3F8B /* UIColor+ColorPalette.m in Sources */ = {isa = PBXBuildFile; fileRef = B5B192BE1F537C10005B3F8B /* UIColor+ColorPalette.m */; };
		B5BDC5921F3B4A5800C77CFC /* DBWCustomizeWorkoutPlanViewController.m in Sources */ = {isa = PBXBuildFile; fileRef = B5BDC5911F3B4A5800C77CFC /* DBWCustomizeWorkoutPlanViewController.m */; };
		B5BDC5971F3B4D4C00C77CFC /* DBWWorkoutPlanDayCell.m in Sources */ = {isa = PBXBuildFile; fileRef = B5BDC5961F3B4D4C00C77CFC /* DBWWorkoutPlanDayCell.m */; };
		B5BDC59A1F3B588000C77CFC /* DBWWorkoutTemplate.m in Sources */ = {isa = PBXBuildFile; fileRef = B5BDC5991F3B588000C77CFC /* DBWWorkoutTemplate.m */; };
		B5BDC5A01F3B5FDE00C77CFC /* DBWTemplateCustomizationTableViewController.m in Sources */ = {isa = PBXBuildFile; fileRef = B5BDC59F1F3B5FDE00C77CFC /* DBWTemplateCustomizationTableViewController.m */; };
		B5D2E2DF1F2A93B800CB4540 /* AppDelegate.m in Sources */ = {isa = PBXBuildFile; fileRef = B5D2E2DE1F2A93B800CB4540 /* AppDelegate.m */; };
		B5D2E2E71F2A93B800CB4540 /* Assets.xcassets in Resources */ = {isa = PBXBuildFile; fileRef = B5D2E2E61F2A93B800CB4540 /* Assets.xcassets */; };
		B5D2E2ED1F2A93B800CB4540 /* main.m in Sources */ = {isa = PBXBuildFile; fileRef = B5D2E2EC1F2A93B800CB4540 /* main.m */; };
		B5D2E2F71F2A93B800CB4540 /* DannyBenWorkoutTests.m in Sources */ = {isa = PBXBuildFile; fileRef = B5D2E2F61F2A93B800CB4540 /* DannyBenWorkoutTests.m */; };
		B5D2E3021F2A93B800CB4540 /* DannyBenWorkoutUITests.m in Sources */ = {isa = PBXBuildFile; fileRef = B5D2E3011F2A93B800CB4540 /* DannyBenWorkoutUITests.m */; };
		B5DF74381F408DA5009FA3B4 /* DBWWorkoutTemplateList.m in Sources */ = {isa = PBXBuildFile; fileRef = B5DF74371F408DA5009FA3B4 /* DBWWorkoutTemplateList.m */; };
		B5DF743B1F40B3CD009FA3B4 /* DBWCustomizeWorkoutPlanCollectionHeaderView.m in Sources */ = {isa = PBXBuildFile; fileRef = B5DF743A1F40B3CD009FA3B4 /* DBWCustomizeWorkoutPlanCollectionHeaderView.m */; };
		B5F635391F41DD6B00B866DC /* DBWDatabaseManager.m in Sources */ = {isa = PBXBuildFile; fileRef = B5F635371F41DD6B00B866DC /* DBWDatabaseManager.m */; };
		B5F6353C1F4339B400B866DC /* DBWEmailLoginViewController.m in Sources */ = {isa = PBXBuildFile; fileRef = B5F6353B1F4339B400B866DC /* DBWEmailLoginViewController.m */; };
		C73C33F2E8B40A6707C8CE31 /* Pods_Workout.framework in Frameworks */ = {isa = PBXBuildFile; fileRef = C05FB80146D5BA29DE434BD3 /* Pods_Workout.framework */; };
/* End PBXBuildFile section */

/* Begin PBXContainerItemProxy section */
		B5D2E2F31F2A93B800CB4540 /* PBXContainerItemProxy */ = {
			isa = PBXContainerItemProxy;
			containerPortal = B5D2E2D21F2A93B800CB4540 /* Project object */;
			proxyType = 1;
			remoteGlobalIDString = B5D2E2D91F2A93B800CB4540;
			remoteInfo = DannyBenWorkout;
		};
		B5D2E2FE1F2A93B800CB4540 /* PBXContainerItemProxy */ = {
			isa = PBXContainerItemProxy;
			containerPortal = B5D2E2D21F2A93B800CB4540 /* Project object */;
			proxyType = 1;
			remoteGlobalIDString = B5D2E2D91F2A93B800CB4540;
			remoteInfo = DannyBenWorkout;
		};
/* End PBXContainerItemProxy section */

/* Begin PBXFileReference section */
		0344155D2C9BAA013FEE9B5A /* Pods-Workout.debug.xcconfig */ = {isa = PBXFileReference; includeInIndex = 1; lastKnownFileType = text.xcconfig; name = "Pods-Workout.debug.xcconfig"; path = "Pods/Target Support Files/Pods-Workout/Pods-Workout.debug.xcconfig"; sourceTree = "<group>"; };
		0E4133C1B9B963E41773189B /* Pods_DannyBenWorkout.framework */ = {isa = PBXFileReference; explicitFileType = wrapper.framework; includeInIndex = 0; path = Pods_DannyBenWorkout.framework; sourceTree = BUILT_PRODUCTS_DIR; };
		1CD0FD741FEFA38936817806 /* Pods-Workout.release.xcconfig */ = {isa = PBXFileReference; includeInIndex = 1; lastKnownFileType = text.xcconfig; name = "Pods-Workout.release.xcconfig"; path = "Pods/Target Support Files/Pods-Workout/Pods-Workout.release.xcconfig"; sourceTree = "<group>"; };
		271DEE926CA2C7D9100D4A23 /* Pods-DannyBenWorkout.release.xcconfig */ = {isa = PBXFileReference; includeInIndex = 1; lastKnownFileType = text.xcconfig; name = "Pods-DannyBenWorkout.release.xcconfig"; path = "Pods/Target Support Files/Pods-DannyBenWorkout/Pods-DannyBenWorkout.release.xcconfig"; sourceTree = "<group>"; };
		A0F3AB7DBBFF19EFB1619676 /* Pods-DannyBenWorkout.debug.xcconfig */ = {isa = PBXFileReference; includeInIndex = 1; lastKnownFileType = text.xcconfig; name = "Pods-DannyBenWorkout.debug.xcconfig"; path = "Pods/Target Support Files/Pods-DannyBenWorkout/Pods-DannyBenWorkout.debug.xcconfig"; sourceTree = "<group>"; };
		B50CBD871F3DD8A6007D3962 /* DBWLoginViewController.h */ = {isa = PBXFileReference; lastKnownFileType = sourcecode.c.h; path = DBWLoginViewController.h; sourceTree = "<group>"; };
		B50CBD881F3DD8A6007D3962 /* DBWLoginViewController.m */ = {isa = PBXFileReference; lastKnownFileType = sourcecode.c.objc; path = DBWLoginViewController.m; sourceTree = "<group>"; };
		B50CBD8D1F3DF333007D3962 /* GoogleService-Info.plist */ = {isa = PBXFileReference; lastKnownFileType = text.plist.xml; path = "GoogleService-Info.plist"; sourceTree = "<group>"; };
		B50CBD8E1F3DFC20007D3962 /* FBSDKCoreKit.framework */ = {isa = PBXFileReference; lastKnownFileType = wrapper.framework; path = FBSDKCoreKit.framework; sourceTree = "<group>"; };
		B50CBD8F1F3DFC20007D3962 /* FBSDKLoginKit.framework */ = {isa = PBXFileReference; lastKnownFileType = wrapper.framework; path = FBSDKLoginKit.framework; sourceTree = "<group>"; };
		B50CBD941F3DFD72007D3962 /* Bolts.framework */ = {isa = PBXFileReference; lastKnownFileType = wrapper.framework; path = Bolts.framework; sourceTree = "<group>"; };
		B50CBD971F3E1B4D007D3962 /* DBWAuthenticationManager.h */ = {isa = PBXFileReference; lastKnownFileType = sourcecode.c.h; path = DBWAuthenticationManager.h; sourceTree = "<group>"; };
		B50CBD981F3E1B4D007D3962 /* DBWAuthenticationManager.m */ = {isa = PBXFileReference; lastKnownFileType = sourcecode.c.objc; path = DBWAuthenticationManager.m; sourceTree = "<group>"; };
		B515D7641F5ADF8800828E99 /* DBWWorkoutTodayExercisesViewController.h */ = {isa = PBXFileReference; lastKnownFileType = sourcecode.c.h; path = DBWWorkoutTodayExercisesViewController.h; sourceTree = "<group>"; };
		B515D7651F5ADF8800828E99 /* DBWWorkoutTodayExercisesViewController.m */ = {isa = PBXFileReference; lastKnownFileType = sourcecode.c.objc; path = DBWWorkoutTodayExercisesViewController.m; sourceTree = "<group>"; };
		B515D7671F5AE6BB00828E99 /* DBWExerciseCollectionViewCell.h */ = {isa = PBXFileReference; lastKnownFileType = sourcecode.c.h; path = DBWExerciseCollectionViewCell.h; sourceTree = "<group>"; };
		B515D7681F5AE6BB00828E99 /* DBWExerciseCollectionViewCell.m */ = {isa = PBXFileReference; lastKnownFileType = sourcecode.c.objc; path = DBWExerciseCollectionViewCell.m; sourceTree = "<group>"; };
		B5369C5E1F6D7482000FFD9F /* DBWAnimationTransitionController.h */ = {isa = PBXFileReference; lastKnownFileType = sourcecode.c.h; path = DBWAnimationTransitionController.h; sourceTree = "<group>"; };
		B5369C5F1F6D7482000FFD9F /* DBWAnimationTransitionController.m */ = {isa = PBXFileReference; lastKnownFileType = sourcecode.c.objc; path = DBWAnimationTransitionController.m; sourceTree = "<group>"; };
		B5369C611F6D8404000FFD9F /* DBWAnimationTransitionMemory.h */ = {isa = PBXFileReference; lastKnownFileType = sourcecode.c.h; path = DBWAnimationTransitionMemory.h; sourceTree = "<group>"; };
		B5369C621F6D8404000FFD9F /* DBWAnimationTransitionMemory.m */ = {isa = PBXFileReference; lastKnownFileType = sourcecode.c.objc; path = DBWAnimationTransitionMemory.m; sourceTree = "<group>"; };
		B5369C641F6DAF11000FFD9F /* DBWAnimationDismissTransitionController.h */ = {isa = PBXFileReference; lastKnownFileType = sourcecode.c.h; path = DBWAnimationDismissTransitionController.h; sourceTree = "<group>"; };
		B5369C651F6DAF11000FFD9F /* DBWAnimationDismissTransitionController.m */ = {isa = PBXFileReference; lastKnownFileType = sourcecode.c.objc; path = DBWAnimationDismissTransitionController.m; sourceTree = "<group>"; };
		B53CF2B51F3365DE00F30CB8 /* DBWExercise.h */ = {isa = PBXFileReference; lastKnownFileType = sourcecode.c.h; path = DBWExercise.h; sourceTree = "<group>"; };
		B53CF2B61F3365DE00F30CB8 /* DBWExercise.m */ = {isa = PBXFileReference; lastKnownFileType = sourcecode.c.objc; path = DBWExercise.m; sourceTree = "<group>"; };
		B53CF2B71F3365DE00F30CB8 /* DBWSet.h */ = {isa = PBXFileReference; lastKnownFileType = sourcecode.c.h; path = DBWSet.h; sourceTree = "<group>"; };
		B53CF2B81F3365DE00F30CB8 /* DBWSet.m */ = {isa = PBXFileReference; lastKnownFileType = sourcecode.c.objc; path = DBWSet.m; sourceTree = "<group>"; };
		B53CF2B91F3365DE00F30CB8 /* DBWWorkout.h */ = {isa = PBXFileReference; lastKnownFileType = sourcecode.c.h; path = DBWWorkout.h; sourceTree = "<group>"; };
		B53CF2BA1F3365DE00F30CB8 /* DBWWorkout.m */ = {isa = PBXFileReference; lastKnownFileType = sourcecode.c.objc; path = DBWWorkout.m; sourceTree = "<group>"; };
		B53CF2BE1F3365DE00F30CB8 /* DBWWorkoutCalendarViewController.h */ = {isa = PBXFileReference; lastKnownFileType = sourcecode.c.h; path = DBWWorkoutCalendarViewController.h; sourceTree = "<group>"; };
		B53CF2BF1F3365DE00F30CB8 /* DBWWorkoutCalendarViewController.m */ = {isa = PBXFileReference; lastKnownFileType = sourcecode.c.objc; path = DBWWorkoutCalendarViewController.m; sourceTree = "<group>"; };
		B53CF2C11F3365DE00F30CB8 /* DBWExerciseSetCollectionViewCell.h */ = {isa = PBXFileReference; lastKnownFileType = sourcecode.c.h; path = DBWExerciseSetCollectionViewCell.h; sourceTree = "<group>"; };
		B53CF2C21F3365DE00F30CB8 /* DBWExerciseSetCollectionViewCell.m */ = {isa = PBXFileReference; lastKnownFileType = sourcecode.c.objc; path = DBWExerciseSetCollectionViewCell.m; sourceTree = "<group>"; };
		B53CF2C31F3365DE00F30CB8 /* DBWExerciseCollectionViewController.h */ = {isa = PBXFileReference; lastKnownFileType = sourcecode.c.h; path = DBWExerciseCollectionViewController.h; sourceTree = "<group>"; };
		B53CF2C41F3365DE00F30CB8 /* DBWExerciseCollectionViewController.m */ = {isa = PBXFileReference; lastKnownFileType = sourcecode.c.objc; path = DBWExerciseCollectionViewController.m; sourceTree = "<group>"; };
		B53CF2C51F3365DE00F30CB8 /* DBWWorkoutTableViewController.h */ = {isa = PBXFileReference; lastKnownFileType = sourcecode.c.h; path = DBWWorkoutTableViewController.h; sourceTree = "<group>"; };
		B53CF2C61F3365DE00F30CB8 /* DBWWorkoutTableViewController.m */ = {isa = PBXFileReference; lastKnownFileType = sourcecode.c.objc; path = DBWWorkoutTableViewController.m; sourceTree = "<group>"; };
		B53CF2C71F3365DE00F30CB8 /* DBWWorkoutTodayViewController.h */ = {isa = PBXFileReference; lastKnownFileType = sourcecode.c.h; path = DBWWorkoutTodayViewController.h; sourceTree = "<group>"; };
		B53CF2C81F3365DE00F30CB8 /* DBWWorkoutTodayViewController.m */ = {isa = PBXFileReference; lastKnownFileType = sourcecode.c.objc; path = DBWWorkoutTodayViewController.m; sourceTree = "<group>"; };
		B53CF2D31F3366D000F30CB8 /* DBWSettingsTableViewController.h */ = {isa = PBXFileReference; lastKnownFileType = sourcecode.c.h; path = DBWSettingsTableViewController.h; sourceTree = "<group>"; };
		B53CF2D41F3366D000F30CB8 /* DBWSettingsTableViewController.m */ = {isa = PBXFileReference; lastKnownFileType = sourcecode.c.objc; path = DBWSettingsTableViewController.m; sourceTree = "<group>"; };
		B53CF2D71F336C8900F30CB8 /* Settings.bundle */ = {isa = PBXFileReference; lastKnownFileType = "wrapper.plug-in"; path = Settings.bundle; sourceTree = "<group>"; };
		B53CF2E01F339F0300F30CB8 /* Acknowledgements.plist */ = {isa = PBXFileReference; lastKnownFileType = text.plist.xml; name = Acknowledgements.plist; path = Workout/Resources/Settings.bundle/Acknowledgements.plist; sourceTree = "<group>"; };
		B53CF2E21F33A8F300F30CB8 /* DBWAboutTableViewController.h */ = {isa = PBXFileReference; lastKnownFileType = sourcecode.c.h; path = DBWAboutTableViewController.h; sourceTree = "<group>"; };
		B53CF2E31F33A8F300F30CB8 /* DBWAboutTableViewController.m */ = {isa = PBXFileReference; lastKnownFileType = sourcecode.c.objc; path = DBWAboutTableViewController.m; sourceTree = "<group>"; };
		B57E6D1D1F51C6D900849CB6 /* DBWStopwatchViewController.h */ = {isa = PBXFileReference; lastKnownFileType = sourcecode.c.h; path = DBWStopwatchViewController.h; sourceTree = "<group>"; };
		B57E6D1E1F51C6D900849CB6 /* DBWStopwatchViewController.m */ = {isa = PBXFileReference; lastKnownFileType = sourcecode.c.objc; path = DBWStopwatchViewController.m; sourceTree = "<group>"; };
		B57E6D201F51EC6B00849CB6 /* DBWCalendarCollectionViewCell.h */ = {isa = PBXFileReference; lastKnownFileType = sourcecode.c.h; path = DBWCalendarCollectionViewCell.h; sourceTree = "<group>"; };
		B57E6D211F51EC6B00849CB6 /* DBWCalendarCollectionViewCell.m */ = {isa = PBXFileReference; lastKnownFileType = sourcecode.c.objc; path = DBWCalendarCollectionViewCell.m; sourceTree = "<group>"; };
		B57E6D231F51F17600849CB6 /* DBWCalendarCellLabel.h */ = {isa = PBXFileReference; lastKnownFileType = sourcecode.c.h; path = DBWCalendarCellLabel.h; sourceTree = "<group>"; };
		B57E6D241F51F17600849CB6 /* DBWCalendarCellLabel.m */ = {isa = PBXFileReference; lastKnownFileType = sourcecode.c.objc; path = DBWCalendarCellLabel.m; sourceTree = "<group>"; };
		B57E6D261F5329C800849CB6 /* DBWCalendarDatePickerViewController.h */ = {isa = PBXFileReference; lastKnownFileType = sourcecode.c.h; path = DBWCalendarDatePickerViewController.h; sourceTree = "<group>"; };
		B57E6D271F5329C800849CB6 /* DBWCalendarDatePickerViewController.m */ = {isa = PBXFileReference; lastKnownFileType = sourcecode.c.objc; path = DBWCalendarDatePickerViewController.m; sourceTree = "<group>"; };
		B57E6D291F53521C00849CB6 /* DBWColorTableViewCell.h */ = {isa = PBXFileReference; lastKnownFileType = sourcecode.c.h; path = DBWColorTableViewCell.h; sourceTree = "<group>"; };
		B57E6D2A1F53521C00849CB6 /* DBWColorTableViewCell.m */ = {isa = PBXFileReference; lastKnownFileType = sourcecode.c.objc; path = DBWColorTableViewCell.m; sourceTree = "<group>"; };
		B57E6D2C1F536F7500849CB6 /* DBWSettingsSplitViewController.h */ = {isa = PBXFileReference; lastKnownFileType = sourcecode.c.h; path = DBWSettingsSplitViewController.h; sourceTree = "<group>"; };
		B57E6D2D1F536F7500849CB6 /* DBWSettingsSplitViewController.m */ = {isa = PBXFileReference; lastKnownFileType = sourcecode.c.objc; path = DBWSettingsSplitViewController.m; sourceTree = "<group>"; };
		B596A3371F2F9BAE00524503 /* Launch Screen.storyboard */ = {isa = PBXFileReference; fileEncoding = 4; lastKnownFileType = file.storyboard; path = "Launch Screen.storyboard"; sourceTree = "<group>"; };
		B5B192BD1F537C10005B3F8B /* UIColor+ColorPalette.h */ = {isa = PBXFileReference; lastKnownFileType = sourcecode.c.h; path = "UIColor+ColorPalette.h"; sourceTree = "<group>"; };
		B5B192BE1F537C10005B3F8B /* UIColor+ColorPalette.m */ = {isa = PBXFileReference; lastKnownFileType = sourcecode.c.objc; path = "UIColor+ColorPalette.m"; sourceTree = "<group>"; };
		B5BDC5901F3B4A5800C77CFC /* DBWCustomizeWorkoutPlanViewController.h */ = {isa = PBXFileReference; lastKnownFileType = sourcecode.c.h; path = DBWCustomizeWorkoutPlanViewController.h; sourceTree = "<group>"; };
		B5BDC5911F3B4A5800C77CFC /* DBWCustomizeWorkoutPlanViewController.m */ = {isa = PBXFileReference; lastKnownFileType = sourcecode.c.objc; path = DBWCustomizeWorkoutPlanViewController.m; sourceTree = "<group>"; };
		B5BDC5951F3B4D4C00C77CFC /* DBWWorkoutPlanDayCell.h */ = {isa = PBXFileReference; lastKnownFileType = sourcecode.c.h; path = DBWWorkoutPlanDayCell.h; sourceTree = "<group>"; };
		B5BDC5961F3B4D4C00C77CFC /* DBWWorkoutPlanDayCell.m */ = {isa = PBXFileReference; lastKnownFileType = sourcecode.c.objc; path = DBWWorkoutPlanDayCell.m; sourceTree = "<group>"; };
		B5BDC5981F3B588000C77CFC /* DBWWorkoutTemplate.h */ = {isa = PBXFileReference; lastKnownFileType = sourcecode.c.h; path = DBWWorkoutTemplate.h; sourceTree = "<group>"; };
		B5BDC5991F3B588000C77CFC /* DBWWorkoutTemplate.m */ = {isa = PBXFileReference; lastKnownFileType = sourcecode.c.objc; path = DBWWorkoutTemplate.m; sourceTree = "<group>"; };
		B5BDC59E1F3B5FDE00C77CFC /* DBWTemplateCustomizationTableViewController.h */ = {isa = PBXFileReference; lastKnownFileType = sourcecode.c.h; path = DBWTemplateCustomizationTableViewController.h; sourceTree = "<group>"; };
		B5BDC59F1F3B5FDE00C77CFC /* DBWTemplateCustomizationTableViewController.m */ = {isa = PBXFileReference; lastKnownFileType = sourcecode.c.objc; path = DBWTemplateCustomizationTableViewController.m; sourceTree = "<group>"; };
		B5D2E2DA1F2A93B800CB4540 /* Workout.app */ = {isa = PBXFileReference; explicitFileType = wrapper.application; includeInIndex = 0; path = Workout.app; sourceTree = BUILT_PRODUCTS_DIR; };
		B5D2E2DD1F2A93B800CB4540 /* AppDelegate.h */ = {isa = PBXFileReference; lastKnownFileType = sourcecode.c.h; path = AppDelegate.h; sourceTree = "<group>"; };
		B5D2E2DE1F2A93B800CB4540 /* AppDelegate.m */ = {isa = PBXFileReference; lastKnownFileType = sourcecode.c.objc; path = AppDelegate.m; sourceTree = "<group>"; };
		B5D2E2E61F2A93B800CB4540 /* Assets.xcassets */ = {isa = PBXFileReference; lastKnownFileType = folder.assetcatalog; path = Assets.xcassets; sourceTree = "<group>"; };
		B5D2E2EB1F2A93B800CB4540 /* Info.plist */ = {isa = PBXFileReference; lastKnownFileType = text.plist.xml; path = Info.plist; sourceTree = "<group>"; };
		B5D2E2EC1F2A93B800CB4540 /* main.m */ = {isa = PBXFileReference; lastKnownFileType = sourcecode.c.objc; path = main.m; sourceTree = "<group>"; };
		B5D2E2F21F2A93B800CB4540 /* WorkoutTests.xctest */ = {isa = PBXFileReference; explicitFileType = wrapper.cfbundle; includeInIndex = 0; path = WorkoutTests.xctest; sourceTree = BUILT_PRODUCTS_DIR; };
		B5D2E2F61F2A93B800CB4540 /* DannyBenWorkoutTests.m */ = {isa = PBXFileReference; lastKnownFileType = sourcecode.c.objc; path = DannyBenWorkoutTests.m; sourceTree = "<group>"; };
		B5D2E2F81F2A93B800CB4540 /* Info.plist */ = {isa = PBXFileReference; lastKnownFileType = text.plist.xml; path = Info.plist; sourceTree = "<group>"; };
		B5D2E2FD1F2A93B800CB4540 /* WorkoutUITests.xctest */ = {isa = PBXFileReference; explicitFileType = wrapper.cfbundle; includeInIndex = 0; path = WorkoutUITests.xctest; sourceTree = BUILT_PRODUCTS_DIR; };
		B5D2E3011F2A93B800CB4540 /* DannyBenWorkoutUITests.m */ = {isa = PBXFileReference; lastKnownFileType = sourcecode.c.objc; path = DannyBenWorkoutUITests.m; sourceTree = "<group>"; };
		B5D2E3031F2A93B800CB4540 /* Info.plist */ = {isa = PBXFileReference; lastKnownFileType = text.plist.xml; path = Info.plist; sourceTree = "<group>"; };
		B5DF74361F408DA5009FA3B4 /* DBWWorkoutTemplateList.h */ = {isa = PBXFileReference; lastKnownFileType = sourcecode.c.h; path = DBWWorkoutTemplateList.h; sourceTree = "<group>"; };
		B5DF74371F408DA5009FA3B4 /* DBWWorkoutTemplateList.m */ = {isa = PBXFileReference; lastKnownFileType = sourcecode.c.objc; path = DBWWorkoutTemplateList.m; sourceTree = "<group>"; };
		B5DF74391F40B3CD009FA3B4 /* DBWCustomizeWorkoutPlanCollectionHeaderView.h */ = {isa = PBXFileReference; lastKnownFileType = sourcecode.c.h; path = DBWCustomizeWorkoutPlanCollectionHeaderView.h; sourceTree = "<group>"; };
		B5DF743A1F40B3CD009FA3B4 /* DBWCustomizeWorkoutPlanCollectionHeaderView.m */ = {isa = PBXFileReference; lastKnownFileType = sourcecode.c.objc; path = DBWCustomizeWorkoutPlanCollectionHeaderView.m; sourceTree = "<group>"; };
		B5F635371F41DD6B00B866DC /* DBWDatabaseManager.m */ = {isa = PBXFileReference; lastKnownFileType = sourcecode.c.objc; path = DBWDatabaseManager.m; sourceTree = "<group>"; };
		B5F635381F41DD6B00B866DC /* DBWDatabaseManager.h */ = {isa = PBXFileReference; lastKnownFileType = sourcecode.c.h; path = DBWDatabaseManager.h; sourceTree = "<group>"; };
		B5F6353A1F4339B400B866DC /* DBWEmailLoginViewController.h */ = {isa = PBXFileReference; lastKnownFileType = sourcecode.c.h; path = DBWEmailLoginViewController.h; sourceTree = "<group>"; };
		B5F6353B1F4339B400B866DC /* DBWEmailLoginViewController.m */ = {isa = PBXFileReference; lastKnownFileType = sourcecode.c.objc; path = DBWEmailLoginViewController.m; sourceTree = "<group>"; };
		C05FB80146D5BA29DE434BD3 /* Pods_Workout.framework */ = {isa = PBXFileReference; explicitFileType = wrapper.framework; includeInIndex = 0; path = Pods_Workout.framework; sourceTree = BUILT_PRODUCTS_DIR; };
/* End PBXFileReference section */

/* Begin PBXFrameworksBuildPhase section */
		B5D2E2D71F2A93B800CB4540 /* Frameworks */ = {
			isa = PBXFrameworksBuildPhase;
			buildActionMask = 2147483647;
			files = (
				B50CBD951F3DFD88007D3962 /* Bolts.framework in Frameworks */,
				B50CBD931F3DFCE4007D3962 /* FBSDKCoreKit.framework in Frameworks */,
				B50CBD921F3DFCE2007D3962 /* FBSDKLoginKit.framework in Frameworks */,
				C73C33F2E8B40A6707C8CE31 /* Pods_Workout.framework in Frameworks */,
			);
			runOnlyForDeploymentPostprocessing = 0;
		};
		B5D2E2EF1F2A93B800CB4540 /* Frameworks */ = {
			isa = PBXFrameworksBuildPhase;
			buildActionMask = 2147483647;
			files = (
			);
			runOnlyForDeploymentPostprocessing = 0;
		};
		B5D2E2FA1F2A93B800CB4540 /* Frameworks */ = {
			isa = PBXFrameworksBuildPhase;
			buildActionMask = 2147483647;
			files = (
			);
			runOnlyForDeploymentPostprocessing = 0;
		};
/* End PBXFrameworksBuildPhase section */

/* Begin PBXGroup section */
		1E1A84494D3D4DD03763D6C9 /* Pods */ = {
			isa = PBXGroup;
			children = (
				A0F3AB7DBBFF19EFB1619676 /* Pods-DannyBenWorkout.debug.xcconfig */,
				271DEE926CA2C7D9100D4A23 /* Pods-DannyBenWorkout.release.xcconfig */,
				0344155D2C9BAA013FEE9B5A /* Pods-Workout.debug.xcconfig */,
				1CD0FD741FEFA38936817806 /* Pods-Workout.release.xcconfig */,
			);
			name = Pods;
			sourceTree = "<group>";
		};
		2ACEDE84D254E951367CB3EE /* Frameworks */ = {
			isa = PBXGroup;
			children = (
				B50CBD941F3DFD72007D3962 /* Bolts.framework */,
				B50CBD8E1F3DFC20007D3962 /* FBSDKCoreKit.framework */,
				B50CBD8F1F3DFC20007D3962 /* FBSDKLoginKit.framework */,
				B53CF2E01F339F0300F30CB8 /* Acknowledgements.plist */,
				0E4133C1B9B963E41773189B /* Pods_DannyBenWorkout.framework */,
				C05FB80146D5BA29DE434BD3 /* Pods_Workout.framework */,
			);
			name = Frameworks;
			sourceTree = "<group>";
		};
		B50CBD861F3DD85D007D3962 /* Entry */ = {
			isa = PBXGroup;
			children = (
				B50CBD871F3DD8A6007D3962 /* DBWLoginViewController.h */,
				B50CBD881F3DD8A6007D3962 /* DBWLoginViewController.m */,
				B5F6353A1F4339B400B866DC /* DBWEmailLoginViewController.h */,
				B5F6353B1F4339B400B866DC /* DBWEmailLoginViewController.m */,
			);
			path = Entry;
			sourceTree = "<group>";
		};
		B50CBD961F3E1B22007D3962 /* Backend */ = {
			isa = PBXGroup;
			children = (
				B50CBD971F3E1B4D007D3962 /* DBWAuthenticationManager.h */,
				B50CBD981F3E1B4D007D3962 /* DBWAuthenticationManager.m */,
				B5F635381F41DD6B00B866DC /* DBWDatabaseManager.h */,
				B5F635371F41DD6B00B866DC /* DBWDatabaseManager.m */,
			);
			path = Backend;
			sourceTree = "<group>";
		};
		B53CF2B31F3365DE00F30CB8 /* Workout */ = {
			isa = PBXGroup;
			children = (
				B53CF2C51F3365DE00F30CB8 /* DBWWorkoutTableViewController.h */,
				B53CF2C61F3365DE00F30CB8 /* DBWWorkoutTableViewController.m */,
				B53CF2C71F3365DE00F30CB8 /* DBWWorkoutTodayViewController.h */,
				B53CF2C81F3365DE00F30CB8 /* DBWWorkoutTodayViewController.m */,
				B515D7641F5ADF8800828E99 /* DBWWorkoutTodayExercisesViewController.h */,
				B515D7651F5ADF8800828E99 /* DBWWorkoutTodayExercisesViewController.m */,
				B515D7671F5AE6BB00828E99 /* DBWExerciseCollectionViewCell.h */,
				B515D7681F5AE6BB00828E99 /* DBWExerciseCollectionViewCell.m */,
			);
			path = Workout;
			sourceTree = "<group>";
		};
		B53CF2B41F3365DE00F30CB8 /* Objects */ = {
			isa = PBXGroup;
			children = (
				B53CF2B51F3365DE00F30CB8 /* DBWExercise.h */,
				B53CF2B61F3365DE00F30CB8 /* DBWExercise.m */,
				B53CF2B71F3365DE00F30CB8 /* DBWSet.h */,
				B53CF2B81F3365DE00F30CB8 /* DBWSet.m */,
				B53CF2B91F3365DE00F30CB8 /* DBWWorkout.h */,
				B53CF2BA1F3365DE00F30CB8 /* DBWWorkout.m */,
				B5BDC5981F3B588000C77CFC /* DBWWorkoutTemplate.h */,
				B5BDC5991F3B588000C77CFC /* DBWWorkoutTemplate.m */,
				B5DF74361F408DA5009FA3B4 /* DBWWorkoutTemplateList.h */,
				B5DF74371F408DA5009FA3B4 /* DBWWorkoutTemplateList.m */,
			);
			path = Objects;
			sourceTree = "<group>";
		};
		B53CF2BD1F3365DE00F30CB8 /* Calendar */ = {
			isa = PBXGroup;
			children = (
				B53CF2BE1F3365DE00F30CB8 /* DBWWorkoutCalendarViewController.h */,
				B53CF2BF1F3365DE00F30CB8 /* DBWWorkoutCalendarViewController.m */,
				B57E6D261F5329C800849CB6 /* DBWCalendarDatePickerViewController.h */,
				B57E6D271F5329C800849CB6 /* DBWCalendarDatePickerViewController.m */,
				B57E6D201F51EC6B00849CB6 /* DBWCalendarCollectionViewCell.h */,
				B57E6D211F51EC6B00849CB6 /* DBWCalendarCollectionViewCell.m */,
				B57E6D231F51F17600849CB6 /* DBWCalendarCellLabel.h */,
				B57E6D241F51F17600849CB6 /* DBWCalendarCellLabel.m */,
			);
			path = Calendar;
			sourceTree = "<group>";
		};
		B53CF2C01F3365DE00F30CB8 /* Exercise */ = {
			isa = PBXGroup;
			children = (
				B53CF2C11F3365DE00F30CB8 /* DBWExerciseSetCollectionViewCell.h */,
				B53CF2C21F3365DE00F30CB8 /* DBWExerciseSetCollectionViewCell.m */,
				B53CF2C31F3365DE00F30CB8 /* DBWExerciseCollectionViewController.h */,
				B53CF2C41F3365DE00F30CB8 /* DBWExerciseCollectionViewController.m */,
			);
			path = Exercise;
			sourceTree = "<group>";
		};
		B53CF2D21F33665900F30CB8 /* Settings */ = {
			isa = PBXGroup;
			children = (
				B57E6D2C1F536F7500849CB6 /* DBWSettingsSplitViewController.h */,
				B57E6D2D1F536F7500849CB6 /* DBWSettingsSplitViewController.m */,
				B53CF2D31F3366D000F30CB8 /* DBWSettingsTableViewController.h */,
				B53CF2D41F3366D000F30CB8 /* DBWSettingsTableViewController.m */,
				B53CF2E21F33A8F300F30CB8 /* DBWAboutTableViewController.h */,
				B53CF2E31F33A8F300F30CB8 /* DBWAboutTableViewController.m */,
				B5BDC5941F3B4D2200C77CFC /* Customize */,
			);
			path = Settings;
			sourceTree = "<group>";
		};
		B53CF2D61F336C7E00F30CB8 /* Resources */ = {
			isa = PBXGroup;
			children = (
				B53CF2D71F336C8900F30CB8 /* Settings.bundle */,
			);
			path = Resources;
			sourceTree = "<group>";
		};
		B57E6D1C1F51C6C400849CB6 /* Stopwatch */ = {
			isa = PBXGroup;
			children = (
				B57E6D1D1F51C6D900849CB6 /* DBWStopwatchViewController.h */,
				B57E6D1E1F51C6D900849CB6 /* DBWStopwatchViewController.m */,
			);
			path = Stopwatch;
			sourceTree = "<group>";
		};
		B5B192BC1F537BF1005B3F8B /* Categories */ = {
			isa = PBXGroup;
			children = (
				B5B192BD1F537C10005B3F8B /* UIColor+ColorPalette.h */,
				B5B192BE1F537C10005B3F8B /* UIColor+ColorPalette.m */,
			);
			path = Categories;
			sourceTree = "<group>";
		};
		B5BDC5941F3B4D2200C77CFC /* Customize */ = {
			isa = PBXGroup;
			children = (
				B5BDC5901F3B4A5800C77CFC /* DBWCustomizeWorkoutPlanViewController.h */,
				B5BDC5911F3B4A5800C77CFC /* DBWCustomizeWorkoutPlanViewController.m */,
				B5DF74391F40B3CD009FA3B4 /* DBWCustomizeWorkoutPlanCollectionHeaderView.h */,
				B5DF743A1F40B3CD009FA3B4 /* DBWCustomizeWorkoutPlanCollectionHeaderView.m */,
				B5BDC5951F3B4D4C00C77CFC /* DBWWorkoutPlanDayCell.h */,
				B5BDC5961F3B4D4C00C77CFC /* DBWWorkoutPlanDayCell.m */,
				B5BDC59E1F3B5FDE00C77CFC /* DBWTemplateCustomizationTableViewController.h */,
				B5BDC59F1F3B5FDE00C77CFC /* DBWTemplateCustomizationTableViewController.m */,
				B57E6D291F53521C00849CB6 /* DBWColorTableViewCell.h */,
				B57E6D2A1F53521C00849CB6 /* DBWColorTableViewCell.m */,
			);
			path = Customize;
			sourceTree = "<group>";
		};
		B5D2E2D11F2A93B800CB4540 = {
			isa = PBXGroup;
			children = (
				B5D2E2DC1F2A93B800CB4540 /* Workout */,
				B5D2E2F51F2A93B800CB4540 /* WorkoutTests */,
				B5D2E3001F2A93B800CB4540 /* WorkoutUITests */,
				B5D2E2DB1F2A93B800CB4540 /* Products */,
				1E1A84494D3D4DD03763D6C9 /* Pods */,
				2ACEDE84D254E951367CB3EE /* Frameworks */,
			);
			sourceTree = "<group>";
		};
		B5D2E2DB1F2A93B800CB4540 /* Products */ = {
			isa = PBXGroup;
			children = (
				B5D2E2DA1F2A93B800CB4540 /* Workout.app */,
				B5D2E2F21F2A93B800CB4540 /* WorkoutTests.xctest */,
				B5D2E2FD1F2A93B800CB4540 /* WorkoutUITests.xctest */,
			);
			name = Products;
			sourceTree = "<group>";
		};
		B5D2E2DC1F2A93B800CB4540 /* Workout */ = {
			isa = PBXGroup;
			children = (
				B5D2E2DD1F2A93B800CB4540 /* AppDelegate.h */,
				B5D2E2DE1F2A93B800CB4540 /* AppDelegate.m */,
				B5369C5E1F6D7482000FFD9F /* DBWAnimationTransitionController.h */,
				B5369C5F1F6D7482000FFD9F /* DBWAnimationTransitionController.m */,
				B5369C641F6DAF11000FFD9F /* DBWAnimationDismissTransitionController.h */,
				B5369C651F6DAF11000FFD9F /* DBWAnimationDismissTransitionController.m */,
				B5369C611F6D8404000FFD9F /* DBWAnimationTransitionMemory.h */,
				B5369C621F6D8404000FFD9F /* DBWAnimationTransitionMemory.m */,
				B5B192BC1F537BF1005B3F8B /* Categories */,
				B50CBD861F3DD85D007D3962 /* Entry */,
				B57E6D1C1F51C6C400849CB6 /* Stopwatch */,
				B53CF2BD1F3365DE00F30CB8 /* Calendar */,
				B53CF2C01F3365DE00F30CB8 /* Exercise */,
				B53CF2B41F3365DE00F30CB8 /* Objects */,
				B53CF2B31F3365DE00F30CB8 /* Workout */,
				B53CF2D21F33665900F30CB8 /* Settings */,
				B53CF2D61F336C7E00F30CB8 /* Resources */,
				B50CBD961F3E1B22007D3962 /* Backend */,
				B596A3371F2F9BAE00524503 /* Launch Screen.storyboard */,
				B5D2E2E61F2A93B800CB4540 /* Assets.xcassets */,
				B5D2E2EB1F2A93B800CB4540 /* Info.plist */,
				B50CBD8D1F3DF333007D3962 /* GoogleService-Info.plist */,
				B5D2E2EC1F2A93B800CB4540 /* main.m */,
			);
			path = Workout;
			sourceTree = "<group>";
		};
		B5D2E2F51F2A93B800CB4540 /* WorkoutTests */ = {
			isa = PBXGroup;
			children = (
				B5D2E2F61F2A93B800CB4540 /* DannyBenWorkoutTests.m */,
				B5D2E2F81F2A93B800CB4540 /* Info.plist */,
			);
			path = WorkoutTests;
			sourceTree = "<group>";
		};
		B5D2E3001F2A93B800CB4540 /* WorkoutUITests */ = {
			isa = PBXGroup;
			children = (
				B5D2E3011F2A93B800CB4540 /* DannyBenWorkoutUITests.m */,
				B5D2E3031F2A93B800CB4540 /* Info.plist */,
			);
			path = WorkoutUITests;
			sourceTree = "<group>";
		};
/* End PBXGroup section */

/* Begin PBXNativeTarget section */
		B5D2E2D91F2A93B800CB4540 /* Workout */ = {
			isa = PBXNativeTarget;
			buildConfigurationList = B5D2E3061F2A93B800CB4540 /* Build configuration list for PBXNativeTarget "Workout" */;
			buildPhases = (
				14927FCFBE601088530A8177 /* [CP] Check Pods Manifest.lock */,
				B5D2E2D61F2A93B800CB4540 /* Sources */,
				B5D2E2D71F2A93B800CB4540 /* Frameworks */,
				B5D2E2D81F2A93B800CB4540 /* Resources */,
				E9527289585BF224908FCB04 /* [CP] Embed Pods Frameworks */,
				C03C5116EE2B633C8A1D3E9A /* [CP] Copy Pods Resources */,
				B53CF2E51F33AD3900F30CB8 /* ShellScript */,
			);
			buildRules = (
			);
			dependencies = (
			);
			name = Workout;
			productName = DannyBenWorkout;
			productReference = B5D2E2DA1F2A93B800CB4540 /* Workout.app */;
			productType = "com.apple.product-type.application";
		};
		B5D2E2F11F2A93B800CB4540 /* WorkoutTests */ = {
			isa = PBXNativeTarget;
			buildConfigurationList = B5D2E3091F2A93B800CB4540 /* Build configuration list for PBXNativeTarget "WorkoutTests" */;
			buildPhases = (
				B5D2E2EE1F2A93B800CB4540 /* Sources */,
				B5D2E2EF1F2A93B800CB4540 /* Frameworks */,
				B5D2E2F01F2A93B800CB4540 /* Resources */,
			);
			buildRules = (
			);
			dependencies = (
				B5D2E2F41F2A93B800CB4540 /* PBXTargetDependency */,
			);
			name = WorkoutTests;
			productName = DannyBenWorkoutTests;
			productReference = B5D2E2F21F2A93B800CB4540 /* WorkoutTests.xctest */;
			productType = "com.apple.product-type.bundle.unit-test";
		};
		B5D2E2FC1F2A93B800CB4540 /* WorkoutUITests */ = {
			isa = PBXNativeTarget;
			buildConfigurationList = B5D2E30C1F2A93B800CB4540 /* Build configuration list for PBXNativeTarget "WorkoutUITests" */;
			buildPhases = (
				B5D2E2F91F2A93B800CB4540 /* Sources */,
				B5D2E2FA1F2A93B800CB4540 /* Frameworks */,
				B5D2E2FB1F2A93B800CB4540 /* Resources */,
			);
			buildRules = (
			);
			dependencies = (
				B5D2E2FF1F2A93B800CB4540 /* PBXTargetDependency */,
			);
			name = WorkoutUITests;
			productName = DannyBenWorkoutUITests;
			productReference = B5D2E2FD1F2A93B800CB4540 /* WorkoutUITests.xctest */;
			productType = "com.apple.product-type.bundle.ui-testing";
		};
/* End PBXNativeTarget section */

/* Begin PBXProject section */
		B5D2E2D21F2A93B800CB4540 /* Project object */ = {
			isa = PBXProject;
			attributes = {
				LastUpgradeCheck = 0900;
				ORGANIZATIONNAME = "Ben Rosen";
				TargetAttributes = {
					B5D2E2D91F2A93B800CB4540 = {
						CreatedOnToolsVersion = 9.0;
						ProvisioningStyle = Automatic;
					};
					B5D2E2F11F2A93B800CB4540 = {
						CreatedOnToolsVersion = 9.0;
						TestTargetID = B5D2E2D91F2A93B800CB4540;
					};
					B5D2E2FC1F2A93B800CB4540 = {
						CreatedOnToolsVersion = 9.0;
						TestTargetID = B5D2E2D91F2A93B800CB4540;
					};
				};
			};
			buildConfigurationList = B5D2E2D51F2A93B800CB4540 /* Build configuration list for PBXProject "Workout" */;
			compatibilityVersion = "Xcode 8.0";
			developmentRegion = en;
			hasScannedForEncodings = 0;
			knownRegions = (
				en,
				Base,
			);
			mainGroup = B5D2E2D11F2A93B800CB4540;
			productRefGroup = B5D2E2DB1F2A93B800CB4540 /* Products */;
			projectDirPath = "";
			projectRoot = "";
			targets = (
				B5D2E2D91F2A93B800CB4540 /* Workout */,
				B5D2E2F11F2A93B800CB4540 /* WorkoutTests */,
				B5D2E2FC1F2A93B800CB4540 /* WorkoutUITests */,
			);
		};
/* End PBXProject section */

/* Begin PBXResourcesBuildPhase section */
		B5D2E2D81F2A93B800CB4540 /* Resources */ = {
			isa = PBXResourcesBuildPhase;
			buildActionMask = 2147483647;
			files = (
				B596A3381F2F9BAE00524503 /* Launch Screen.storyboard in Resources */,
				B53CF2E11F339F0300F30CB8 /* Acknowledgements.plist in Resources */,
				B53CF2D81F336C8900F30CB8 /* Settings.bundle in Resources */,
				B5D2E2E71F2A93B800CB4540 /* Assets.xcassets in Resources */,
			);
			runOnlyForDeploymentPostprocessing = 0;
		};
		B5D2E2F01F2A93B800CB4540 /* Resources */ = {
			isa = PBXResourcesBuildPhase;
			buildActionMask = 2147483647;
			files = (
			);
			runOnlyForDeploymentPostprocessing = 0;
		};
		B5D2E2FB1F2A93B800CB4540 /* Resources */ = {
			isa = PBXResourcesBuildPhase;
			buildActionMask = 2147483647;
			files = (
			);
			runOnlyForDeploymentPostprocessing = 0;
		};
/* End PBXResourcesBuildPhase section */

/* Begin PBXShellScriptBuildPhase section */
		14927FCFBE601088530A8177 /* [CP] Check Pods Manifest.lock */ = {
			isa = PBXShellScriptBuildPhase;
			buildActionMask = 2147483647;
			files = (
			);
			inputPaths = (
			);
			name = "[CP] Check Pods Manifest.lock";
			outputPaths = (
			);
			runOnlyForDeploymentPostprocessing = 0;
			shellPath = /bin/sh;
			shellScript = "diff \"${PODS_PODFILE_DIR_PATH}/Podfile.lock\" \"${PODS_ROOT}/Manifest.lock\" > /dev/null\nif [ $? != 0 ] ; then\n    # print error to STDERR\n    echo \"error: The sandbox is not in sync with the Podfile.lock. Run 'pod install' or update your CocoaPods installation.\" >&2\n    exit 1\nfi\n";
			showEnvVarsInLog = 0;
		};
		B53CF2E51F33AD3900F30CB8 /* ShellScript */ = {
			isa = PBXShellScriptBuildPhase;
			buildActionMask = 2147483647;
			files = (
			);
			inputPaths = (
			);
			outputPaths = (
			);
			runOnlyForDeploymentPostprocessing = 0;
			shellPath = /bin/bash;
			shellScript = "buildNumber=$(/usr/libexec/PlistBuddy -c \"Print CFBundleVersion\" \"$INFOPLIST_FILE\")\nbuildNumber=$(($buildNumber + 1))\n/usr/libexec/PlistBuddy -c \"Set :CFBundleVersion $buildNumber\" \"$INFOPLIST_FILE\"\n";
		};
		C03C5116EE2B633C8A1D3E9A /* [CP] Copy Pods Resources */ = {
			isa = PBXShellScriptBuildPhase;
			buildActionMask = 2147483647;
			files = (
			);
			inputPaths = (
			);
			name = "[CP] Copy Pods Resources";
			outputPaths = (
			);
			runOnlyForDeploymentPostprocessing = 0;
			shellPath = /bin/sh;
			shellScript = "\"${SRCROOT}/Pods/Target Support Files/Pods-Workout/Pods-Workout-resources.sh\"\n";
			showEnvVarsInLog = 0;
		};
		E9527289585BF224908FCB04 /* [CP] Embed Pods Frameworks */ = {
			isa = PBXShellScriptBuildPhase;
			buildActionMask = 2147483647;
			files = (
			);
			inputPaths = (
			);
			name = "[CP] Embed Pods Frameworks";
			outputPaths = (
			);
			runOnlyForDeploymentPostprocessing = 0;
			shellPath = /bin/sh;
			shellScript = "\"${SRCROOT}/Pods/Target Support Files/Pods-Workout/Pods-Workout-frameworks.sh\"\n";
			showEnvVarsInLog = 0;
		};
/* End PBXShellScriptBuildPhase section */

/* Begin PBXSourcesBuildPhase section */
		B5D2E2D61F2A93B800CB4540 /* Sources */ = {
			isa = PBXSourcesBuildPhase;
			buildActionMask = 2147483647;
			files = (
				B5BDC5971F3B4D4C00C77CFC /* DBWWorkoutPlanDayCell.m in Sources */,
				B53CF2D51F3366D000F30CB8 /* DBWSettingsTableViewController.m in Sources */,
				B515D7661F5ADF8800828E99 /* DBWWorkoutTodayExercisesViewController.m in Sources */,
				B57E6D281F5329C800849CB6 /* DBWCalendarDatePickerViewController.m in Sources */,
				B5DF743B1F40B3CD009FA3B4 /* DBWCustomizeWorkoutPlanCollectionHeaderView.m in Sources */,
				B53CF2CB1F33660200F30CB8 /* DBWExerciseCollectionViewController.m in Sources */,
				B5BDC59A1F3B588000C77CFC /* DBWWorkoutTemplate.m in Sources */,
				B5BDC5921F3B4A5800C77CFC /* DBWCustomizeWorkoutPlanViewController.m in Sources */,
				B5D2E2ED1F2A93B800CB4540 /* main.m in Sources */,
				B50CBD991F3E1B4D007D3962 /* DBWAuthenticationManager.m in Sources */,
				B57E6D221F51EC6B00849CB6 /* DBWCalendarCollectionViewCell.m in Sources */,
				B57E6D251F51F17600849CB6 /* DBWCalendarCellLabel.m in Sources */,
				B57E6D2B1F53521C00849CB6 /* DBWColorTableViewCell.m in Sources */,
				B5369C601F6D7482000FFD9F /* DBWAnimationTransitionController.m in Sources */,
				B5D2E2DF1F2A93B800CB4540 /* AppDelegate.m in Sources */,
				B5F6353C1F4339B400B866DC /* DBWEmailLoginViewController.m in Sources */,
				B53CF2C91F3365FC00F30CB8 /* DBWWorkoutCalendarViewController.m in Sources */,
				B53CF2CA1F33660000F30CB8 /* DBWExerciseSetCollectionViewCell.m in Sources */,
				B5369C661F6DAF11000FFD9F /* DBWAnimationDismissTransitionController.m in Sources */,
				B53CF2CC1F33660500F30CB8 /* DBWWorkoutTableViewController.m in Sources */,
				B53CF2CD1F33660600F30CB8 /* DBWWorkoutTodayViewController.m in Sources */,
				B5BDC5A01F3B5FDE00C77CFC /* DBWTemplateCustomizationTableViewController.m in Sources */,
				B53CF2E41F33A8F300F30CB8 /* DBWAboutTableViewController.m in Sources */,
				B57E6D2E1F536F7500849CB6 /* DBWSettingsSplitViewController.m in Sources */,
				B53CF2CE1F33661300F30CB8 /* DBWExercise.m in Sources */,
				B5369C631F6D8404000FFD9F /* DBWAnimationTransitionMemory.m in Sources */,
				B515D7691F5AE6BB00828E99 /* DBWExerciseCollectionViewCell.m in Sources */,
				B53CF2CF1F33661300F30CB8 /* DBWSet.m in Sources */,
				B53CF2D01F33661300F30CB8 /* DBWWorkout.m in Sources */,
				B5F635391F41DD6B00B866DC /* DBWDatabaseManager.m in Sources */,
				B5DF74381F408DA5009FA3B4 /* DBWWorkoutTemplateList.m in Sources */,
				B5B192BF1F537C10005B3F8B /* UIColor+ColorPalette.m in Sources */,
				B57E6D1F1F51C6D900849CB6 /* DBWStopwatchViewController.m in Sources */,
				B50CBD891F3DD8A6007D3962 /* DBWLoginViewController.m in Sources */,
			);
			runOnlyForDeploymentPostprocessing = 0;
		};
		B5D2E2EE1F2A93B800CB4540 /* Sources */ = {
			isa = PBXSourcesBuildPhase;
			buildActionMask = 2147483647;
			files = (
				B5D2E2F71F2A93B800CB4540 /* DannyBenWorkoutTests.m in Sources */,
			);
			runOnlyForDeploymentPostprocessing = 0;
		};
		B5D2E2F91F2A93B800CB4540 /* Sources */ = {
			isa = PBXSourcesBuildPhase;
			buildActionMask = 2147483647;
			files = (
				B5D2E3021F2A93B800CB4540 /* DannyBenWorkoutUITests.m in Sources */,
			);
			runOnlyForDeploymentPostprocessing = 0;
		};
/* End PBXSourcesBuildPhase section */

/* Begin PBXTargetDependency section */
		B5D2E2F41F2A93B800CB4540 /* PBXTargetDependency */ = {
			isa = PBXTargetDependency;
			target = B5D2E2D91F2A93B800CB4540 /* Workout */;
			targetProxy = B5D2E2F31F2A93B800CB4540 /* PBXContainerItemProxy */;
		};
		B5D2E2FF1F2A93B800CB4540 /* PBXTargetDependency */ = {
			isa = PBXTargetDependency;
			target = B5D2E2D91F2A93B800CB4540 /* Workout */;
			targetProxy = B5D2E2FE1F2A93B800CB4540 /* PBXContainerItemProxy */;
		};
/* End PBXTargetDependency section */

/* Begin XCBuildConfiguration section */
		B5D2E3041F2A93B800CB4540 /* Debug */ = {
			isa = XCBuildConfiguration;
			buildSettings = {
				ALWAYS_SEARCH_USER_PATHS = NO;
				CLANG_ANALYZER_NONNULL = YES;
				CLANG_ANALYZER_NUMBER_OBJECT_CONVERSION = YES_AGGRESSIVE;
				CLANG_CXX_LANGUAGE_STANDARD = "gnu++14";
				CLANG_CXX_LIBRARY = "libc++";
				CLANG_ENABLE_MODULES = YES;
				CLANG_ENABLE_OBJC_ARC = YES;
				CLANG_WARN_BLOCK_CAPTURE_AUTORELEASING = YES;
				CLANG_WARN_BOOL_CONVERSION = YES;
				CLANG_WARN_COMMA = YES;
				CLANG_WARN_CONSTANT_CONVERSION = YES;
				CLANG_WARN_DIRECT_OBJC_ISA_USAGE = YES_ERROR;
				CLANG_WARN_DOCUMENTATION_COMMENTS = YES;
				CLANG_WARN_EMPTY_BODY = YES;
				CLANG_WARN_ENUM_CONVERSION = YES;
				CLANG_WARN_INFINITE_RECURSION = YES;
				CLANG_WARN_INT_CONVERSION = YES;
				CLANG_WARN_NON_LITERAL_NULL_CONVERSION = YES;
				CLANG_WARN_OBJC_LITERAL_CONVERSION = YES;
				CLANG_WARN_OBJC_ROOT_CLASS = YES_ERROR;
				CLANG_WARN_RANGE_LOOP_ANALYSIS = YES;
				CLANG_WARN_STRICT_PROTOTYPES = YES;
				CLANG_WARN_SUSPICIOUS_MOVE = YES;
				CLANG_WARN_UNGUARDED_AVAILABILITY = YES_AGGRESSIVE;
				CLANG_WARN_UNREACHABLE_CODE = YES;
				CLANG_WARN__DUPLICATE_METHOD_MATCH = YES;
				CODE_SIGN_IDENTITY = "iPhone Developer";
				COPY_PHASE_STRIP = NO;
				DEBUG_INFORMATION_FORMAT = dwarf;
				ENABLE_STRICT_OBJC_MSGSEND = YES;
				ENABLE_TESTABILITY = YES;
				GCC_C_LANGUAGE_STANDARD = gnu11;
				GCC_DYNAMIC_NO_PIC = NO;
				GCC_NO_COMMON_BLOCKS = YES;
				GCC_OPTIMIZATION_LEVEL = 0;
				GCC_PREPROCESSOR_DEFINITIONS = (
					"DEBUG=1",
					"$(inherited)",
				);
				GCC_WARN_64_TO_32_BIT_CONVERSION = YES;
				GCC_WARN_ABOUT_RETURN_TYPE = YES_ERROR;
				GCC_WARN_UNDECLARED_SELECTOR = YES;
				GCC_WARN_UNINITIALIZED_AUTOS = YES_AGGRESSIVE;
				GCC_WARN_UNUSED_FUNCTION = YES;
				GCC_WARN_UNUSED_VARIABLE = YES;
				IPHONEOS_DEPLOYMENT_TARGET = 11.0;
				MTL_ENABLE_DEBUG_INFO = YES;
				ONLY_ACTIVE_ARCH = YES;
				SDKROOT = iphoneos;
			};
			name = Debug;
		};
		B5D2E3051F2A93B800CB4540 /* Release */ = {
			isa = XCBuildConfiguration;
			buildSettings = {
				ALWAYS_SEARCH_USER_PATHS = NO;
				CLANG_ANALYZER_NONNULL = YES;
				CLANG_ANALYZER_NUMBER_OBJECT_CONVERSION = YES_AGGRESSIVE;
				CLANG_CXX_LANGUAGE_STANDARD = "gnu++14";
				CLANG_CXX_LIBRARY = "libc++";
				CLANG_ENABLE_MODULES = YES;
				CLANG_ENABLE_OBJC_ARC = YES;
				CLANG_WARN_BLOCK_CAPTURE_AUTORELEASING = YES;
				CLANG_WARN_BOOL_CONVERSION = YES;
				CLANG_WARN_COMMA = YES;
				CLANG_WARN_CONSTANT_CONVERSION = YES;
				CLANG_WARN_DIRECT_OBJC_ISA_USAGE = YES_ERROR;
				CLANG_WARN_DOCUMENTATION_COMMENTS = YES;
				CLANG_WARN_EMPTY_BODY = YES;
				CLANG_WARN_ENUM_CONVERSION = YES;
				CLANG_WARN_INFINITE_RECURSION = YES;
				CLANG_WARN_INT_CONVERSION = YES;
				CLANG_WARN_NON_LITERAL_NULL_CONVERSION = YES;
				CLANG_WARN_OBJC_LITERAL_CONVERSION = YES;
				CLANG_WARN_OBJC_ROOT_CLASS = YES_ERROR;
				CLANG_WARN_RANGE_LOOP_ANALYSIS = YES;
				CLANG_WARN_STRICT_PROTOTYPES = YES;
				CLANG_WARN_SUSPICIOUS_MOVE = YES;
				CLANG_WARN_UNGUARDED_AVAILABILITY = YES_AGGRESSIVE;
				CLANG_WARN_UNREACHABLE_CODE = YES;
				CLANG_WARN__DUPLICATE_METHOD_MATCH = YES;
				CODE_SIGN_IDENTITY = "iPhone Developer";
				COPY_PHASE_STRIP = NO;
				DEBUG_INFORMATION_FORMAT = "dwarf-with-dsym";
				ENABLE_NS_ASSERTIONS = NO;
				ENABLE_STRICT_OBJC_MSGSEND = YES;
				GCC_C_LANGUAGE_STANDARD = gnu11;
				GCC_NO_COMMON_BLOCKS = YES;
				GCC_WARN_64_TO_32_BIT_CONVERSION = YES;
				GCC_WARN_ABOUT_RETURN_TYPE = YES_ERROR;
				GCC_WARN_UNDECLARED_SELECTOR = YES;
				GCC_WARN_UNINITIALIZED_AUTOS = YES_AGGRESSIVE;
				GCC_WARN_UNUSED_FUNCTION = YES;
				GCC_WARN_UNUSED_VARIABLE = YES;
				IPHONEOS_DEPLOYMENT_TARGET = 11.0;
				MTL_ENABLE_DEBUG_INFO = NO;
				SDKROOT = iphoneos;
				VALIDATE_PRODUCT = YES;
			};
			name = Release;
		};
		B5D2E3071F2A93B800CB4540 /* Debug */ = {
			isa = XCBuildConfiguration;
			baseConfigurationReference = 0344155D2C9BAA013FEE9B5A /* Pods-Workout.debug.xcconfig */;
			buildSettings = {
				ASSETCATALOG_COMPILER_APPICON_NAME = AppIcon;
				CODE_SIGN_IDENTITY = "iPhone Distribution: Darryl Rosen (8V5J4G27BG)";
				"CODE_SIGN_IDENTITY[sdk=iphoneos*]" = "iPhone Developer";
				DEVELOPMENT_TEAM = 8V5J4G27BG;
				FRAMEWORK_SEARCH_PATHS = (
					"$(inherited)",
					"$(PROJECT_DIR)",
				);
				INFOPLIST_FILE = "$(SRCROOT)/Workout/Info.plist";
				IPHONEOS_DEPLOYMENT_TARGET = 10.0;
				LD_RUNPATH_SEARCH_PATHS = "$(inherited) @executable_path/Frameworks";
				PRODUCT_BUNDLE_IDENTIFIER = me.benrosen.DannyBenWorkout;
				PRODUCT_NAME = "$(TARGET_NAME)";
				PROVISIONING_PROFILE = "";
				PROVISIONING_PROFILE_SPECIFIER = "";
				TARGETED_DEVICE_FAMILY = "1,2";
			};
			name = Debug;
		};
		B5D2E3081F2A93B800CB4540 /* Release */ = {
			isa = XCBuildConfiguration;
			baseConfigurationReference = 1CD0FD741FEFA38936817806 /* Pods-Workout.release.xcconfig */;
			buildSettings = {
				ASSETCATALOG_COMPILER_APPICON_NAME = AppIcon;
				CODE_SIGN_IDENTITY = "iPhone Distribution: Darryl Rosen (8V5J4G27BG)";
				"CODE_SIGN_IDENTITY[sdk=iphoneos*]" = "iPhone Developer";
				DEVELOPMENT_TEAM = 8V5J4G27BG;
				FRAMEWORK_SEARCH_PATHS = (
					"$(inherited)",
					"$(PROJECT_DIR)",
				);
				INFOPLIST_FILE = "$(SRCROOT)/Workout/Info.plist";
				IPHONEOS_DEPLOYMENT_TARGET = 10.0;
				LD_RUNPATH_SEARCH_PATHS = "$(inherited) @executable_path/Frameworks";
				PRODUCT_BUNDLE_IDENTIFIER = me.benrosen.DannyBenWorkout;
				PRODUCT_NAME = "$(TARGET_NAME)";
				PROVISIONING_PROFILE = "";
				PROVISIONING_PROFILE_SPECIFIER = "";
				TARGETED_DEVICE_FAMILY = "1,2";
			};
			name = Release;
		};
		B5D2E30A1F2A93B800CB4540 /* Debug */ = {
			isa = XCBuildConfiguration;
			buildSettings = {
				BUNDLE_LOADER = "$(TEST_HOST)";
				DEVELOPMENT_TEAM = 8V5J4G27BG;
				INFOPLIST_FILE = DannyBenWorkoutTests/Info.plist;
				LD_RUNPATH_SEARCH_PATHS = "$(inherited) @executable_path/Frameworks @loader_path/Frameworks";
				PRODUCT_BUNDLE_IDENTIFIER = me.benrosen.DannyBenWorkoutTests;
				PRODUCT_NAME = "$(TARGET_NAME)";
				TARGETED_DEVICE_FAMILY = "1,2";
				TEST_HOST = "$(BUILT_PRODUCTS_DIR)/Workout.app/Workout";
			};
			name = Debug;
		};
		B5D2E30B1F2A93B800CB4540 /* Release */ = {
			isa = XCBuildConfiguration;
			buildSettings = {
				BUNDLE_LOADER = "$(TEST_HOST)";
				DEVELOPMENT_TEAM = 8V5J4G27BG;
				INFOPLIST_FILE = DannyBenWorkoutTests/Info.plist;
				LD_RUNPATH_SEARCH_PATHS = "$(inherited) @executable_path/Frameworks @loader_path/Frameworks";
				PRODUCT_BUNDLE_IDENTIFIER = me.benrosen.DannyBenWorkoutTests;
				PRODUCT_NAME = "$(TARGET_NAME)";
				TARGETED_DEVICE_FAMILY = "1,2";
				TEST_HOST = "$(BUILT_PRODUCTS_DIR)/Workout.app/Workout";
			};
			name = Release;
		};
		B5D2E30D1F2A93B800CB4540 /* Debug */ = {
			isa = XCBuildConfiguration;
			buildSettings = {
				DEVELOPMENT_TEAM = 8V5J4G27BG;
				INFOPLIST_FILE = DannyBenWorkoutUITests/Info.plist;
				LD_RUNPATH_SEARCH_PATHS = "$(inherited) @executable_path/Frameworks @loader_path/Frameworks";
				PRODUCT_BUNDLE_IDENTIFIER = me.benrosen.DannyBenWorkoutUITests;
				PRODUCT_NAME = "$(TARGET_NAME)";
				TARGETED_DEVICE_FAMILY = "1,2";
				TEST_TARGET_NAME = DannyBenWorkout;
			};
			name = Debug;
		};
		B5D2E30E1F2A93B800CB4540 /* Release */ = {
			isa = XCBuildConfiguration;
			buildSettings = {
				DEVELOPMENT_TEAM = 8V5J4G27BG;
				INFOPLIST_FILE = DannyBenWorkoutUITests/Info.plist;
				LD_RUNPATH_SEARCH_PATHS = "$(inherited) @executable_path/Frameworks @loader_path/Frameworks";
				PRODUCT_BUNDLE_IDENTIFIER = me.benrosen.DannyBenWorkoutUITests;
				PRODUCT_NAME = "$(TARGET_NAME)";
				TARGETED_DEVICE_FAMILY = "1,2";
				TEST_TARGET_NAME = DannyBenWorkout;
			};
			name = Release;
		};
/* End XCBuildConfiguration section */

/* Begin XCConfigurationList section */
		B5D2E2D51F2A93B800CB4540 /* Build configuration list for PBXProject "Workout" */ = {
			isa = XCConfigurationList;
			buildConfigurations = (
				B5D2E3041F2A93B800CB4540 /* Debug */,
				B5D2E3051F2A93B800CB4540 /* Release */,
			);
			defaultConfigurationIsVisible = 0;
			defaultConfigurationName = Release;
		};
		B5D2E3061F2A93B800CB4540 /* Build configuration list for PBXNativeTarget "Workout" */ = {
			isa = XCConfigurationList;
			buildConfigurations = (
				B5D2E3071F2A93B800CB4540 /* Debug */,
				B5D2E3081F2A93B800CB4540 /* Release */,
			);
			defaultConfigurationIsVisible = 0;
			defaultConfigurationName = Release;
		};
		B5D2E3091F2A93B800CB4540 /* Build configuration list for PBXNativeTarget "WorkoutTests" */ = {
			isa = XCConfigurationList;
			buildConfigurations = (
				B5D2E30A1F2A93B800CB4540 /* Debug */,
				B5D2E30B1F2A93B800CB4540 /* Release */,
			);
			defaultConfigurationIsVisible = 0;
			defaultConfigurationName = Release;
		};
		B5D2E30C1F2A93B800CB4540 /* Build configuration list for PBXNativeTarget "WorkoutUITests" */ = {
			isa = XCConfigurationList;
			buildConfigurations = (
				B5D2E30D1F2A93B800CB4540 /* Debug */,
				B5D2E30E1F2A93B800CB4540 /* Release */,
			);
			defaultConfigurationIsVisible = 0;
			defaultConfigurationName = Release;
		};
/* End XCConfigurationList section */
	};
	rootObject = B5D2E2D21F2A93B800CB4540 /* Project object */;
}
